// !$*UTF8*$!
{
	archiveVersion = 1;
	classes = {
	};
	objectVersion = 56;
	objects = {

/* Begin PBXBuildFile section */
		842433002D28402C00F94EBE /* UserInfoVC.swift in Sources */ = {isa = PBXBuildFile; fileRef = 842432FF2D28402C00F94EBE /* UserInfoVC.swift */; };
		8462DEAB2D384F9B00A2654F /* SGPaddingView.swift in Sources */ = {isa = PBXBuildFile; fileRef = 8462DEAA2D384F9B00A2654F /* SGPaddingView.swift */; };
		84689DE22D2876B300BC5B54 /* SGUserInfoHeaderView.swift in Sources */ = {isa = PBXBuildFile; fileRef = 84689DE12D2876B300BC5B54 /* SGUserInfoHeaderView.swift */; };
		84689DE42D2877AF00BC5B54 /* SGSecondaryTitleLabel.swift in Sources */ = {isa = PBXBuildFile; fileRef = 84689DE32D2877AF00BC5B54 /* SGSecondaryTitleLabel.swift */; };
		846B01A52D1311F8005CFFFF /* FollowersListVC.swift in Sources */ = {isa = PBXBuildFile; fileRef = 846B01A42D1311F8005CFFFF /* FollowersListVC.swift */; };
		84A41CA72D15A21E00F58799 /* SGTitleLabel.swift in Sources */ = {isa = PBXBuildFile; fileRef = 84A41CA62D15A21E00F58799 /* SGTitleLabel.swift */; };
		84B3B6212D36B573004DF3AB /* Constants.swift in Sources */ = {isa = PBXBuildFile; fileRef = 84B3B6202D36B573004DF3AB /* Constants.swift */; };
		84B3B6232D36F15D004DF3AB /* SGItemInfoLabelView.swift in Sources */ = {isa = PBXBuildFile; fileRef = 84B3B6222D36F15D004DF3AB /* SGItemInfoLabelView.swift */; };
		84B3B6252D3700D5004DF3AB /* SGItemInfoView.swift in Sources */ = {isa = PBXBuildFile; fileRef = 84B3B6242D3700D5004DF3AB /* SGItemInfoView.swift */; };
		84B534772D10BB6900623DD4 /* SearchVC.swift in Sources */ = {isa = PBXBuildFile; fileRef = 84B534762D10BB6900623DD4 /* SearchVC.swift */; };
		84B534792D10BBA000623DD4 /* FavoritesListVC.swift in Sources */ = {isa = PBXBuildFile; fileRef = 84B534782D10BBA000623DD4 /* FavoritesListVC.swift */; };
		84B585E12D22D75000A82236 /* SGEmptyStateView.swift in Sources */ = {isa = PBXBuildFile; fileRef = 84B585E02D22D75000A82236 /* SGEmptyStateView.swift */; };
		84C26E5A2D11CFCF00E1A066 /* SGButton.swift in Sources */ = {isa = PBXBuildFile; fileRef = 84C26E592D11CFCF00E1A066 /* SGButton.swift */; };
		84C26E5C2D11DE7500E1A066 /* SGTextField.swift in Sources */ = {isa = PBXBuildFile; fileRef = 84C26E5B2D11DE7500E1A066 /* SGTextField.swift */; };
		84C479272B99D01E00E051DB /* AppDelegate.swift in Sources */ = {isa = PBXBuildFile; fileRef = 84C479262B99D01E00E051DB /* AppDelegate.swift */; };
		84C479292B99D01E00E051DB /* SceneDelegate.swift in Sources */ = {isa = PBXBuildFile; fileRef = 84C479282B99D01E00E051DB /* SceneDelegate.swift */; };
		84C479302B99D02900E051DB /* Assets.xcassets in Resources */ = {isa = PBXBuildFile; fileRef = 84C4792F2B99D02900E051DB /* Assets.xcassets */; };
		84C479332B99D02900E051DB /* LaunchScreen.storyboard in Resources */ = {isa = PBXBuildFile; fileRef = 84C479312B99D02900E051DB /* LaunchScreen.storyboard */; };
		84C984102D27389400B626BA /* github_api.swift in Sources */ = {isa = PBXBuildFile; fileRef = 84C9840F2D27389400B626BA /* github_api.swift */; };
		84F51B962D209547003CAE21 /* FooterLoadingView.swift in Sources */ = {isa = PBXBuildFile; fileRef = 84F51B952D209547003CAE21 /* FooterLoadingView.swift */; };
		84F592072D1C2FDD00BEEFA3 /* SGBodyLabel.swift in Sources */ = {isa = PBXBuildFile; fileRef = 84F592062D1C2FDD00BEEFA3 /* SGBodyLabel.swift */; };
		84F592092D1C32E900BEEFA3 /* SGAlertVC.swift in Sources */ = {isa = PBXBuildFile; fileRef = 84F592082D1C32E900BEEFA3 /* SGAlertVC.swift */; };
		84F5920B2D1C496000BEEFA3 /* UIViewController+Ext.swift in Sources */ = {isa = PBXBuildFile; fileRef = 84F5920A2D1C496000BEEFA3 /* UIViewController+Ext.swift */; };
		84F592132D1C828800BEEFA3 /* Follower.swift in Sources */ = {isa = PBXBuildFile; fileRef = 84F592122D1C828800BEEFA3 /* Follower.swift */; };
		84F592152D1C83A300BEEFA3 /* User.swift in Sources */ = {isa = PBXBuildFile; fileRef = 84F592142D1C83A300BEEFA3 /* User.swift */; };
		84F592182D1C8CC900BEEFA3 /* NetworkManager.swift in Sources */ = {isa = PBXBuildFile; fileRef = 84F592172D1C8CC900BEEFA3 /* NetworkManager.swift */; };
		84F5921B2D1F088F00BEEFA3 /* SGErrors.swift in Sources */ = {isa = PBXBuildFile; fileRef = 84F5921A2D1F088F00BEEFA3 /* SGErrors.swift */; };
		84F5921E2D1F441C00BEEFA3 /* FollowerCell.swift in Sources */ = {isa = PBXBuildFile; fileRef = 84F5921D2D1F441C00BEEFA3 /* FollowerCell.swift */; };
		84F592202D1F44D800BEEFA3 /* SGAvatarImageView.swift in Sources */ = {isa = PBXBuildFile; fileRef = 84F5921F2D1F44D800BEEFA3 /* SGAvatarImageView.swift */; };
		84F592222D1F46B600BEEFA3 /* UIView+Ext.swift in Sources */ = {isa = PBXBuildFile; fileRef = 84F592212D1F46B600BEEFA3 /* UIView+Ext.swift */; };
		84F592242D203D5900BEEFA3 /* UIHelper.swift in Sources */ = {isa = PBXBuildFile; fileRef = 84F592232D203D5900BEEFA3 /* UIHelper.swift */; };
/* End PBXBuildFile section */

/* Begin PBXFileReference section */
		842432FF2D28402C00F94EBE /* UserInfoVC.swift */ = {isa = PBXFileReference; lastKnownFileType = sourcecode.swift; path = UserInfoVC.swift; sourceTree = "<group>"; };
		8462DEAA2D384F9B00A2654F /* SGPaddingView.swift */ = {isa = PBXFileReference; lastKnownFileType = sourcecode.swift; path = SGPaddingView.swift; sourceTree = "<group>"; };
		84689DE12D2876B300BC5B54 /* SGUserInfoHeaderView.swift */ = {isa = PBXFileReference; lastKnownFileType = sourcecode.swift; path = SGUserInfoHeaderView.swift; sourceTree = "<group>"; };
		84689DE32D2877AF00BC5B54 /* SGSecondaryTitleLabel.swift */ = {isa = PBXFileReference; lastKnownFileType = sourcecode.swift; path = SGSecondaryTitleLabel.swift; sourceTree = "<group>"; };
		846B01A42D1311F8005CFFFF /* FollowersListVC.swift */ = {isa = PBXFileReference; lastKnownFileType = sourcecode.swift; path = FollowersListVC.swift; sourceTree = "<group>"; };
		84A41CA62D15A21E00F58799 /* SGTitleLabel.swift */ = {isa = PBXFileReference; lastKnownFileType = sourcecode.swift; path = SGTitleLabel.swift; sourceTree = "<group>"; };
		84B3B6202D36B573004DF3AB /* Constants.swift */ = {isa = PBXFileReference; lastKnownFileType = sourcecode.swift; path = Constants.swift; sourceTree = "<group>"; };
		84B3B6222D36F15D004DF3AB /* SGItemInfoLabelView.swift */ = {isa = PBXFileReference; lastKnownFileType = sourcecode.swift; path = SGItemInfoLabelView.swift; sourceTree = "<group>"; };
		84B3B6242D3700D5004DF3AB /* SGItemInfoView.swift */ = {isa = PBXFileReference; lastKnownFileType = sourcecode.swift; path = SGItemInfoView.swift; sourceTree = "<group>"; };
		84B534762D10BB6900623DD4 /* SearchVC.swift */ = {isa = PBXFileReference; lastKnownFileType = sourcecode.swift; path = SearchVC.swift; sourceTree = "<group>"; };
		84B534782D10BBA000623DD4 /* FavoritesListVC.swift */ = {isa = PBXFileReference; lastKnownFileType = sourcecode.swift; path = FavoritesListVC.swift; sourceTree = "<group>"; };
		84B585E02D22D75000A82236 /* SGEmptyStateView.swift */ = {isa = PBXFileReference; lastKnownFileType = sourcecode.swift; path = SGEmptyStateView.swift; sourceTree = "<group>"; };
		84C26E592D11CFCF00E1A066 /* SGButton.swift */ = {isa = PBXFileReference; lastKnownFileType = sourcecode.swift; path = SGButton.swift; sourceTree = "<group>"; };
		84C26E5B2D11DE7500E1A066 /* SGTextField.swift */ = {isa = PBXFileReference; lastKnownFileType = sourcecode.swift; path = SGTextField.swift; sourceTree = "<group>"; };
		84C479232B99D01E00E051DB /* SwiftGithub.app */ = {isa = PBXFileReference; explicitFileType = wrapper.application; includeInIndex = 0; path = SwiftGithub.app; sourceTree = BUILT_PRODUCTS_DIR; };
		84C479262B99D01E00E051DB /* AppDelegate.swift */ = {isa = PBXFileReference; lastKnownFileType = sourcecode.swift; path = AppDelegate.swift; sourceTree = "<group>"; };
		84C479282B99D01E00E051DB /* SceneDelegate.swift */ = {isa = PBXFileReference; lastKnownFileType = sourcecode.swift; path = SceneDelegate.swift; sourceTree = "<group>"; };
		84C4792F2B99D02900E051DB /* Assets.xcassets */ = {isa = PBXFileReference; lastKnownFileType = folder.assetcatalog; path = Assets.xcassets; sourceTree = "<group>"; };
		84C479322B99D02900E051DB /* Base */ = {isa = PBXFileReference; lastKnownFileType = file.storyboard; name = Base; path = Base.lproj/LaunchScreen.storyboard; sourceTree = "<group>"; };
		84C479342B99D02900E051DB /* Info.plist */ = {isa = PBXFileReference; lastKnownFileType = text.plist.xml; path = Info.plist; sourceTree = "<group>"; };
		84C9840F2D27389400B626BA /* github_api.swift */ = {isa = PBXFileReference; lastKnownFileType = sourcecode.swift; path = github_api.swift; sourceTree = "<group>"; };
		84F51B952D209547003CAE21 /* FooterLoadingView.swift */ = {isa = PBXFileReference; lastKnownFileType = sourcecode.swift; path = FooterLoadingView.swift; sourceTree = "<group>"; };
		84F592062D1C2FDD00BEEFA3 /* SGBodyLabel.swift */ = {isa = PBXFileReference; lastKnownFileType = sourcecode.swift; path = SGBodyLabel.swift; sourceTree = "<group>"; };
		84F592082D1C32E900BEEFA3 /* SGAlertVC.swift */ = {isa = PBXFileReference; lastKnownFileType = sourcecode.swift; path = SGAlertVC.swift; sourceTree = "<group>"; };
		84F5920A2D1C496000BEEFA3 /* UIViewController+Ext.swift */ = {isa = PBXFileReference; lastKnownFileType = sourcecode.swift; path = "UIViewController+Ext.swift"; sourceTree = "<group>"; };
		84F592122D1C828800BEEFA3 /* Follower.swift */ = {isa = PBXFileReference; lastKnownFileType = sourcecode.swift; path = Follower.swift; sourceTree = "<group>"; };
		84F592142D1C83A300BEEFA3 /* User.swift */ = {isa = PBXFileReference; lastKnownFileType = sourcecode.swift; path = User.swift; sourceTree = "<group>"; };
		84F592172D1C8CC900BEEFA3 /* NetworkManager.swift */ = {isa = PBXFileReference; lastKnownFileType = sourcecode.swift; path = NetworkManager.swift; sourceTree = "<group>"; };
		84F5921A2D1F088F00BEEFA3 /* SGErrors.swift */ = {isa = PBXFileReference; lastKnownFileType = sourcecode.swift; path = SGErrors.swift; sourceTree = "<group>"; };
		84F5921D2D1F441C00BEEFA3 /* FollowerCell.swift */ = {isa = PBXFileReference; lastKnownFileType = sourcecode.swift; path = FollowerCell.swift; sourceTree = "<group>"; };
		84F5921F2D1F44D800BEEFA3 /* SGAvatarImageView.swift */ = {isa = PBXFileReference; lastKnownFileType = sourcecode.swift; path = SGAvatarImageView.swift; sourceTree = "<group>"; };
		84F592212D1F46B600BEEFA3 /* UIView+Ext.swift */ = {isa = PBXFileReference; lastKnownFileType = sourcecode.swift; path = "UIView+Ext.swift"; sourceTree = "<group>"; };
		84F592232D203D5900BEEFA3 /* UIHelper.swift */ = {isa = PBXFileReference; lastKnownFileType = sourcecode.swift; path = UIHelper.swift; sourceTree = "<group>"; };
/* End PBXFileReference section */

/* Begin PBXFrameworksBuildPhase section */
		84C479202B99D01E00E051DB /* Frameworks */ = {
			isa = PBXFrameworksBuildPhase;
			buildActionMask = 2147483647;
			files = (
			);
			runOnlyForDeploymentPostprocessing = 0;
		};
/* End PBXFrameworksBuildPhase section */

/* Begin PBXGroup section */
		84B585DA2D22D68400A82236 /* Buttons */ = {
			isa = PBXGroup;
			children = (
				84C26E592D11CFCF00E1A066 /* SGButton.swift */,
			);
			path = Buttons;
			sourceTree = "<group>";
		};
		84B585DB2D22D68B00A82236 /* TextFields */ = {
			isa = PBXGroup;
			children = (
				84C26E5B2D11DE7500E1A066 /* SGTextField.swift */,
			);
			path = TextFields;
			sourceTree = "<group>";
		};
		84B585DC2D22D69A00A82236 /* ImageViews */ = {
			isa = PBXGroup;
			children = (
				84F5921F2D1F44D800BEEFA3 /* SGAvatarImageView.swift */,
			);
			path = ImageViews;
			sourceTree = "<group>";
		};
		84B585DD2D22D6C100A82236 /* ViewControllers */ = {
			isa = PBXGroup;
			children = (
				84F592082D1C32E900BEEFA3 /* SGAlertVC.swift */,
			);
			path = ViewControllers;
			sourceTree = "<group>";
		};
		84B585DE2D22D70C00A82236 /* Labels */ = {
			isa = PBXGroup;
			children = (
				84A41CA62D15A21E00F58799 /* SGTitleLabel.swift */,
				84F592062D1C2FDD00BEEFA3 /* SGBodyLabel.swift */,
				84689DE32D2877AF00BC5B54 /* SGSecondaryTitleLabel.swift */,
			);
			path = Labels;
			sourceTree = "<group>";
		};
		84B585DF2D22D73600A82236 /* Views */ = {
			isa = PBXGroup;
			children = (
				84B585E02D22D75000A82236 /* SGEmptyStateView.swift */,
				84689DE12D2876B300BC5B54 /* SGUserInfoHeaderView.swift */,
				84B3B6222D36F15D004DF3AB /* SGItemInfoLabelView.swift */,
				84B3B6242D3700D5004DF3AB /* SGItemInfoView.swift */,
				8462DEAA2D384F9B00A2654F /* SGPaddingView.swift */,
			);
			path = Views;
			sourceTree = "<group>";
		};
		84C4791A2B99D01E00E051DB = {
			isa = PBXGroup;
			children = (
				84C479252B99D01E00E051DB /* SwiftGithub */,
				84C479242B99D01E00E051DB /* Products */,
			);
			sourceTree = "<group>";
		};
		84C479242B99D01E00E051DB /* Products */ = {
			isa = PBXGroup;
			children = (
				84C479232B99D01E00E051DB /* SwiftGithub.app */,
			);
			name = Products;
			sourceTree = "<group>";
		};
		84C479252B99D01E00E051DB /* SwiftGithub */ = {
			isa = PBXGroup;
			children = (
				84F592192D1F088000BEEFA3 /* Utilities */,
				84F592162D1C8CB600BEEFA3 /* Managers */,
				84C479342B99D02900E051DB /* Info.plist */,
				84F592112D1C827400BEEFA3 /* Models */,
				84F592102D1C5B2800BEEFA3 /* Support */,
				84F5920F2D1C5ADE00BEEFA3 /* Extensions */,
				84F5920D2D1C5A6A00BEEFA3 /* Custom Views */,
				84F5920C2D1C5A2F00BEEFA3 /* Screens */,
			);
			path = SwiftGithub;
			sourceTree = "<group>";
		};
		84F5920C2D1C5A2F00BEEFA3 /* Screens */ = {
			isa = PBXGroup;
			children = (
				84B534762D10BB6900623DD4 /* SearchVC.swift */,
				84B534782D10BBA000623DD4 /* FavoritesListVC.swift */,
				846B01A42D1311F8005CFFFF /* FollowersListVC.swift */,
				842432FF2D28402C00F94EBE /* UserInfoVC.swift */,
			);
			path = Screens;
			sourceTree = "<group>";
		};
		84F5920D2D1C5A6A00BEEFA3 /* Custom Views */ = {
			isa = PBXGroup;
			children = (
				84B585DF2D22D73600A82236 /* Views */,
				84B585DE2D22D70C00A82236 /* Labels */,
				84B585DD2D22D6C100A82236 /* ViewControllers */,
				84B585DC2D22D69A00A82236 /* ImageViews */,
				84B585DB2D22D68B00A82236 /* TextFields */,
				84B585DA2D22D68400A82236 /* Buttons */,
				84F5921C2D1F440500BEEFA3 /* Cells */,
			);
			path = "Custom Views";
			sourceTree = "<group>";
		};
		84F5920F2D1C5ADE00BEEFA3 /* Extensions */ = {
			isa = PBXGroup;
			children = (
				84F5920A2D1C496000BEEFA3 /* UIViewController+Ext.swift */,
				84F592212D1F46B600BEEFA3 /* UIView+Ext.swift */,
			);
			path = Extensions;
			sourceTree = "<group>";
		};
		84F592102D1C5B2800BEEFA3 /* Support */ = {
			isa = PBXGroup;
			children = (
				84C479262B99D01E00E051DB /* AppDelegate.swift */,
				84C479282B99D01E00E051DB /* SceneDelegate.swift */,
				84C4792F2B99D02900E051DB /* Assets.xcassets */,
				84C479312B99D02900E051DB /* LaunchScreen.storyboard */,
			);
			path = Support;
			sourceTree = "<group>";
		};
		84F592112D1C827400BEEFA3 /* Models */ = {
			isa = PBXGroup;
			children = (
				84F592122D1C828800BEEFA3 /* Follower.swift */,
				84F592142D1C83A300BEEFA3 /* User.swift */,
			);
			path = Models;
			sourceTree = "<group>";
		};
		84F592162D1C8CB600BEEFA3 /* Managers */ = {
			isa = PBXGroup;
			children = (
				84F592172D1C8CC900BEEFA3 /* NetworkManager.swift */,
			);
			path = Managers;
			sourceTree = "<group>";
		};
		84F592192D1F088000BEEFA3 /* Utilities */ = {
			isa = PBXGroup;
			children = (
				84F5921A2D1F088F00BEEFA3 /* SGErrors.swift */,
				84F592232D203D5900BEEFA3 /* UIHelper.swift */,
				84C9840F2D27389400B626BA /* github_api.swift */,
				84B3B6202D36B573004DF3AB /* Constants.swift */,
			);
			path = Utilities;
			sourceTree = "<group>";
		};
		84F5921C2D1F440500BEEFA3 /* Cells */ = {
			isa = PBXGroup;
			children = (
				84F5921D2D1F441C00BEEFA3 /* FollowerCell.swift */,
				84F51B952D209547003CAE21 /* FooterLoadingView.swift */,
			);
			path = Cells;
			sourceTree = "<group>";
		};
/* End PBXGroup section */

/* Begin PBXNativeTarget section */
		84C479222B99D01E00E051DB /* SwiftGithub */ = {
			isa = PBXNativeTarget;
			buildConfigurationList = 84C479372B99D02900E051DB /* Build configuration list for PBXNativeTarget "SwiftGithub" */;
			buildPhases = (
				84C4791F2B99D01E00E051DB /* Sources */,
				84C479202B99D01E00E051DB /* Frameworks */,
				84C479212B99D01E00E051DB /* Resources */,
			);
			buildRules = (
			);
			dependencies = (
			);
			name = SwiftGithub;
			productName = SwiftGithub;
			productReference = 84C479232B99D01E00E051DB /* SwiftGithub.app */;
			productType = "com.apple.product-type.application";
		};
/* End PBXNativeTarget section */

/* Begin PBXProject section */
		84C4791B2B99D01E00E051DB /* Project object */ = {
			isa = PBXProject;
			attributes = {
				BuildIndependentTargetsInParallel = 1;
				LastSwiftUpdateCheck = 1500;
				LastUpgradeCheck = 1500;
				TargetAttributes = {
					84C479222B99D01E00E051DB = {
						CreatedOnToolsVersion = 15.0.1;
					};
				};
			};
			buildConfigurationList = 84C4791E2B99D01E00E051DB /* Build configuration list for PBXProject "SwiftGithub" */;
			compatibilityVersion = "Xcode 14.0";
			developmentRegion = en;
			hasScannedForEncodings = 0;
			knownRegions = (
				en,
				Base,
			);
			mainGroup = 84C4791A2B99D01E00E051DB;
			productRefGroup = 84C479242B99D01E00E051DB /* Products */;
			projectDirPath = "";
			projectRoot = "";
			targets = (
				84C479222B99D01E00E051DB /* SwiftGithub */,
			);
		};
/* End PBXProject section */

/* Begin PBXResourcesBuildPhase section */
		84C479212B99D01E00E051DB /* Resources */ = {
			isa = PBXResourcesBuildPhase;
			buildActionMask = 2147483647;
			files = (
				84C479332B99D02900E051DB /* LaunchScreen.storyboard in Resources */,
				84C479302B99D02900E051DB /* Assets.xcassets in Resources */,
			);
			runOnlyForDeploymentPostprocessing = 0;
		};
/* End PBXResourcesBuildPhase section */

/* Begin PBXSourcesBuildPhase section */
		84C4791F2B99D01E00E051DB /* Sources */ = {
			isa = PBXSourcesBuildPhase;
			buildActionMask = 2147483647;
			files = (
				84F592152D1C83A300BEEFA3 /* User.swift in Sources */,
				84C984102D27389400B626BA /* github_api.swift in Sources */,
				8462DEAB2D384F9B00A2654F /* SGPaddingView.swift in Sources */,
				84B534772D10BB6900623DD4 /* SearchVC.swift in Sources */,
				84A41CA72D15A21E00F58799 /* SGTitleLabel.swift in Sources */,
				84F592072D1C2FDD00BEEFA3 /* SGBodyLabel.swift in Sources */,
				84F5920B2D1C496000BEEFA3 /* UIViewController+Ext.swift in Sources */,
				84689DE22D2876B300BC5B54 /* SGUserInfoHeaderView.swift in Sources */,
				84B3B6212D36B573004DF3AB /* Constants.swift in Sources */,
				84F592092D1C32E900BEEFA3 /* SGAlertVC.swift in Sources */,
				84F51B962D209547003CAE21 /* FooterLoadingView.swift in Sources */,
				84F592202D1F44D800BEEFA3 /* SGAvatarImageView.swift in Sources */,
				846B01A52D1311F8005CFFFF /* FollowersListVC.swift in Sources */,
				84F5921E2D1F441C00BEEFA3 /* FollowerCell.swift in Sources */,
				84B585E12D22D75000A82236 /* SGEmptyStateView.swift in Sources */,
				84C26E5C2D11DE7500E1A066 /* SGTextField.swift in Sources */,
				84F592132D1C828800BEEFA3 /* Follower.swift in Sources */,
				84B534792D10BBA000623DD4 /* FavoritesListVC.swift in Sources */,
				84689DE42D2877AF00BC5B54 /* SGSecondaryTitleLabel.swift in Sources */,
				84F592182D1C8CC900BEEFA3 /* NetworkManager.swift in Sources */,
				84C26E5A2D11CFCF00E1A066 /* SGButton.swift in Sources */,
				84B3B6232D36F15D004DF3AB /* SGItemInfoLabelView.swift in Sources */,
				84F592222D1F46B600BEEFA3 /* UIView+Ext.swift in Sources */,
				84F592242D203D5900BEEFA3 /* UIHelper.swift in Sources */,
				842433002D28402C00F94EBE /* UserInfoVC.swift in Sources */,
				84C479272B99D01E00E051DB /* AppDelegate.swift in Sources */,
				84C479292B99D01E00E051DB /* SceneDelegate.swift in Sources */,
				84F5921B2D1F088F00BEEFA3 /* SGErrors.swift in Sources */,
				84B3B6252D3700D5004DF3AB /* SGItemInfoView.swift in Sources */,
			);
			runOnlyForDeploymentPostprocessing = 0;
		};
/* End PBXSourcesBuildPhase section */

/* Begin PBXVariantGroup section */
		84C479312B99D02900E051DB /* LaunchScreen.storyboard */ = {
			isa = PBXVariantGroup;
			children = (
				84C479322B99D02900E051DB /* Base */,
			);
			name = LaunchScreen.storyboard;
			sourceTree = "<group>";
		};
/* End PBXVariantGroup section */

/* Begin XCBuildConfiguration section */
		84C479352B99D02900E051DB /* Debug */ = {
			isa = XCBuildConfiguration;
			buildSettings = {
				ALWAYS_SEARCH_USER_PATHS = NO;
				ASSETCATALOG_COMPILER_GENERATE_SWIFT_ASSET_SYMBOL_EXTENSIONS = YES;
				CLANG_ANALYZER_NONNULL = YES;
				CLANG_ANALYZER_NUMBER_OBJECT_CONVERSION = YES_AGGRESSIVE;
				CLANG_CXX_LANGUAGE_STANDARD = "gnu++20";
				CLANG_ENABLE_MODULES = YES;
				CLANG_ENABLE_OBJC_ARC = YES;
				CLANG_ENABLE_OBJC_WEAK = YES;
				CLANG_WARN_BLOCK_CAPTURE_AUTORELEASING = YES;
				CLANG_WARN_BOOL_CONVERSION = YES;
				CLANG_WARN_COMMA = YES;
				CLANG_WARN_CONSTANT_CONVERSION = YES;
				CLANG_WARN_DEPRECATED_OBJC_IMPLEMENTATIONS = YES;
				CLANG_WARN_DIRECT_OBJC_ISA_USAGE = YES_ERROR;
				CLANG_WARN_DOCUMENTATION_COMMENTS = YES;
				CLANG_WARN_EMPTY_BODY = YES;
				CLANG_WARN_ENUM_CONVERSION = YES;
				CLANG_WARN_INFINITE_RECURSION = YES;
				CLANG_WARN_INT_CONVERSION = YES;
				CLANG_WARN_NON_LITERAL_NULL_CONVERSION = YES;
				CLANG_WARN_OBJC_IMPLICIT_RETAIN_SELF = YES;
				CLANG_WARN_OBJC_LITERAL_CONVERSION = YES;
				CLANG_WARN_OBJC_ROOT_CLASS = YES_ERROR;
				CLANG_WARN_QUOTED_INCLUDE_IN_FRAMEWORK_HEADER = YES;
				CLANG_WARN_RANGE_LOOP_ANALYSIS = YES;
				CLANG_WARN_STRICT_PROTOTYPES = YES;
				CLANG_WARN_SUSPICIOUS_MOVE = YES;
				CLANG_WARN_UNGUARDED_AVAILABILITY = YES_AGGRESSIVE;
				CLANG_WARN_UNREACHABLE_CODE = YES;
				CLANG_WARN__DUPLICATE_METHOD_MATCH = YES;
				COPY_PHASE_STRIP = NO;
				DEBUG_INFORMATION_FORMAT = dwarf;
				ENABLE_STRICT_OBJC_MSGSEND = YES;
				ENABLE_TESTABILITY = YES;
				ENABLE_USER_SCRIPT_SANDBOXING = YES;
				GCC_C_LANGUAGE_STANDARD = gnu17;
				GCC_DYNAMIC_NO_PIC = NO;
				GCC_NO_COMMON_BLOCKS = YES;
				GCC_OPTIMIZATION_LEVEL = 0;
				GCC_PREPROCESSOR_DEFINITIONS = (
					"DEBUG=1",
					"$(inherited)",
				);
				GCC_WARN_64_TO_32_BIT_CONVERSION = YES;
				GCC_WARN_ABOUT_RETURN_TYPE = YES_ERROR;
				GCC_WARN_UNDECLARED_SELECTOR = YES;
				GCC_WARN_UNINITIALIZED_AUTOS = YES_AGGRESSIVE;
				GCC_WARN_UNUSED_FUNCTION = YES;
				GCC_WARN_UNUSED_VARIABLE = YES;
				IPHONEOS_DEPLOYMENT_TARGET = 17.0;
				LOCALIZATION_PREFERS_STRING_CATALOGS = YES;
				MTL_ENABLE_DEBUG_INFO = INCLUDE_SOURCE;
				MTL_FAST_MATH = YES;
				ONLY_ACTIVE_ARCH = YES;
				SDKROOT = iphoneos;
				SWIFT_ACTIVE_COMPILATION_CONDITIONS = "DEBUG $(inherited)";
				SWIFT_OPTIMIZATION_LEVEL = "-Onone";
			};
			name = Debug;
		};
		84C479362B99D02900E051DB /* Release */ = {
			isa = XCBuildConfiguration;
			buildSettings = {
				ALWAYS_SEARCH_USER_PATHS = NO;
				ASSETCATALOG_COMPILER_GENERATE_SWIFT_ASSET_SYMBOL_EXTENSIONS = YES;
				CLANG_ANALYZER_NONNULL = YES;
				CLANG_ANALYZER_NUMBER_OBJECT_CONVERSION = YES_AGGRESSIVE;
				CLANG_CXX_LANGUAGE_STANDARD = "gnu++20";
				CLANG_ENABLE_MODULES = YES;
				CLANG_ENABLE_OBJC_ARC = YES;
				CLANG_ENABLE_OBJC_WEAK = YES;
				CLANG_WARN_BLOCK_CAPTURE_AUTORELEASING = YES;
				CLANG_WARN_BOOL_CONVERSION = YES;
				CLANG_WARN_COMMA = YES;
				CLANG_WARN_CONSTANT_CONVERSION = YES;
				CLANG_WARN_DEPRECATED_OBJC_IMPLEMENTATIONS = YES;
				CLANG_WARN_DIRECT_OBJC_ISA_USAGE = YES_ERROR;
				CLANG_WARN_DOCUMENTATION_COMMENTS = YES;
				CLANG_WARN_EMPTY_BODY = YES;
				CLANG_WARN_ENUM_CONVERSION = YES;
				CLANG_WARN_INFINITE_RECURSION = YES;
				CLANG_WARN_INT_CONVERSION = YES;
				CLANG_WARN_NON_LITERAL_NULL_CONVERSION = YES;
				CLANG_WARN_OBJC_IMPLICIT_RETAIN_SELF = YES;
				CLANG_WARN_OBJC_LITERAL_CONVERSION = YES;
				CLANG_WARN_OBJC_ROOT_CLASS = YES_ERROR;
				CLANG_WARN_QUOTED_INCLUDE_IN_FRAMEWORK_HEADER = YES;
				CLANG_WARN_RANGE_LOOP_ANALYSIS = YES;
				CLANG_WARN_STRICT_PROTOTYPES = YES;
				CLANG_WARN_SUSPICIOUS_MOVE = YES;
				CLANG_WARN_UNGUARDED_AVAILABILITY = YES_AGGRESSIVE;
				CLANG_WARN_UNREACHABLE_CODE = YES;
				CLANG_WARN__DUPLICATE_METHOD_MATCH = YES;
				COPY_PHASE_STRIP = NO;
				DEBUG_INFORMATION_FORMAT = "dwarf-with-dsym";
				ENABLE_NS_ASSERTIONS = NO;
				ENABLE_STRICT_OBJC_MSGSEND = YES;
				ENABLE_USER_SCRIPT_SANDBOXING = YES;
				GCC_C_LANGUAGE_STANDARD = gnu17;
				GCC_NO_COMMON_BLOCKS = YES;
				GCC_WARN_64_TO_32_BIT_CONVERSION = YES;
				GCC_WARN_ABOUT_RETURN_TYPE = YES_ERROR;
				GCC_WARN_UNDECLARED_SELECTOR = YES;
				GCC_WARN_UNINITIALIZED_AUTOS = YES_AGGRESSIVE;
				GCC_WARN_UNUSED_FUNCTION = YES;
				GCC_WARN_UNUSED_VARIABLE = YES;
				IPHONEOS_DEPLOYMENT_TARGET = 17.0;
				LOCALIZATION_PREFERS_STRING_CATALOGS = YES;
				MTL_ENABLE_DEBUG_INFO = NO;
				MTL_FAST_MATH = YES;
				SDKROOT = iphoneos;
				SWIFT_COMPILATION_MODE = wholemodule;
				VALIDATE_PRODUCT = YES;
			};
			name = Release;
		};
		84C479382B99D02900E051DB /* Debug */ = {
			isa = XCBuildConfiguration;
			buildSettings = {
				ASSETCATALOG_COMPILER_APPICON_NAME = AppIcon;
				ASSETCATALOG_COMPILER_GLOBAL_ACCENT_COLOR_NAME = AccentColor;
				CODE_SIGN_STYLE = Automatic;
				CURRENT_PROJECT_VERSION = 1;
				DEVELOPMENT_TEAM = U3A87V646H;
				GENERATE_INFOPLIST_FILE = YES;
				INFOPLIST_FILE = SwiftGithub/Info.plist;
				INFOPLIST_KEY_UIApplicationSupportsIndirectInputEvents = YES;
				INFOPLIST_KEY_UILaunchStoryboardName = LaunchScreen;
				INFOPLIST_KEY_UISupportedInterfaceOrientations = UIInterfaceOrientationPortrait;
				INFOPLIST_KEY_UISupportedInterfaceOrientations_iPad = "UIInterfaceOrientationPortrait UIInterfaceOrientationPortraitUpsideDown";
				LD_RUNPATH_SEARCH_PATHS = (
					"$(inherited)",
					"@executable_path/Frameworks",
				);
				MARKETING_VERSION = 1.0;
				PRODUCT_BUNDLE_IDENTIFIER = com.i.SwiftGithub;
				PRODUCT_NAME = "$(TARGET_NAME)";
				SUPPORTED_PLATFORMS = "iphoneos iphonesimulator";
				SUPPORTS_MACCATALYST = NO;
				SUPPORTS_MAC_DESIGNED_FOR_IPHONE_IPAD = NO;
				SWIFT_EMIT_LOC_STRINGS = YES;
				SWIFT_VERSION = 5.0;
				TARGETED_DEVICE_FAMILY = 1;
			};
			name = Debug;
		};
		84C479392B99D02900E051DB /* Release */ = {
			isa = XCBuildConfiguration;
			buildSettings = {
				ASSETCATALOG_COMPILER_APPICON_NAME = AppIcon;
				ASSETCATALOG_COMPILER_GLOBAL_ACCENT_COLOR_NAME = AccentColor;
				CODE_SIGN_STYLE = Automatic;
				CURRENT_PROJECT_VERSION = 1;
				DEVELOPMENT_TEAM = U3A87V646H;
				GENERATE_INFOPLIST_FILE = YES;
				INFOPLIST_FILE = SwiftGithub/Info.plist;
				INFOPLIST_KEY_UIApplicationSupportsIndirectInputEvents = YES;
				INFOPLIST_KEY_UILaunchStoryboardName = LaunchScreen;
				INFOPLIST_KEY_UISupportedInterfaceOrientations = UIInterfaceOrientationPortrait;
				INFOPLIST_KEY_UISupportedInterfaceOrientations_iPad = "UIInterfaceOrientationPortrait UIInterfaceOrientationPortraitUpsideDown";
				LD_RUNPATH_SEARCH_PATHS = (
					"$(inherited)",
					"@executable_path/Frameworks",
				);
				MARKETING_VERSION = 1.0;
				PRODUCT_BUNDLE_IDENTIFIER = com.i.SwiftGithub;
				PRODUCT_NAME = "$(TARGET_NAME)";
				SUPPORTED_PLATFORMS = "iphoneos iphonesimulator";
				SUPPORTS_MACCATALYST = NO;
				SUPPORTS_MAC_DESIGNED_FOR_IPHONE_IPAD = NO;
				SWIFT_EMIT_LOC_STRINGS = YES;
				SWIFT_VERSION = 5.0;
				TARGETED_DEVICE_FAMILY = 1;
			};
			name = Release;
		};
/* End XCBuildConfiguration section */

/* Begin XCConfigurationList section */
		84C4791E2B99D01E00E051DB /* Build configuration list for PBXProject "SwiftGithub" */ = {
			isa = XCConfigurationList;
			buildConfigurations = (
				84C479352B99D02900E051DB /* Debug */,
				84C479362B99D02900E051DB /* Release */,
			);
			defaultConfigurationIsVisible = 0;
			defaultConfigurationName = Release;
		};
		84C479372B99D02900E051DB /* Build configuration list for PBXNativeTarget "SwiftGithub" */ = {
			isa = XCConfigurationList;
			buildConfigurations = (
				84C479382B99D02900E051DB /* Debug */,
				84C479392B99D02900E051DB /* Release */,
			);
			defaultConfigurationIsVisible = 0;
			defaultConfigurationName = Release;
		};
/* End XCConfigurationList section */
	};
	rootObject = 84C4791B2B99D01E00E051DB /* Project object */;
}
